
Microsoft Visual Studio Solution File, Format Version 12.00
# Visual Studio Version 17
VisualStudioVersion = 17.6.33815.320
MinimumVisualStudioVersion = 10.0.40219.1
Project("{FAE04EC0-301F-11D3-BF4B-00C04F79EFBC}") = "CS_01_02", "CS_01_02\CS_01_02.csproj", "{29E29180-7FBE-4F8D-A67C-CE86E4FF3871}"
EndProject
Global
	GlobalSection(SolutionConfigurationPlatforms) = preSolution
		Debug|Any CPU = Debug|Any CPU
		Release|Any CPU = Release|Any CPU
	EndGlobalSection
	GlobalSection(ProjectConfigurationPlatforms) = postSolution
		{29E29180-7FBE-4F8D-A67C-CE86E4FF3871}.Debug|Any CPU.ActiveCfg = Debug|Any CPU
		{29E29180-7FBE-4F8D-A67C-CE86E4FF3871}.Debug|Any CPU.Build.0 = Debug|Any CPU
		{29E29180-7FBE-4F8D-A67C-CE86E4FF3871}.Release|Any CPU.ActiveCfg = Release|Any CPU
		{29E29180-7FBE-4F8D-A67C-CE86E4FF3871}.Release|Any CPU.Build.0 = Release|Any CPU
	EndGlobalSection
	GlobalSection(SolutionProperties) = preSolution
		HideSolutionNode = FALSE
	EndGlobalSection
	GlobalSection(ExtensibilityGlobals) = postSolution
		SolutionGuid = {97B5AE37-A473-430A-82D1-17F0D84ECE91}
	EndGlobalSection
EndGlobal
